
Microsoft Visual Studio Solution File, Format Version 12.00
# Visual Studio Version 17
VisualStudioVersion = 17.14.36301.6
MinimumVisualStudioVersion = 10.0.40219.1
Project("{9A19103F-16F7-4668-BE54-9A1E7A4F7556}") = "ABP_Ecommerce.Domain", "src\ABP_Ecommerce.Domain\ABP_Ecommerce.Domain.csproj", "{554AD327-6DBA-4F8F-96F8-81CE7A0C863F}"
EndProject
Project("{9A19103F-16F7-4668-BE54-9A1E7A4F7556}") = "ABP_Ecommerce.Application", "src\ABP_Ecommerce.Application\ABP_Ecommerce.Application.csproj", "{1A94A50E-06DC-43C1-80B5-B662820EC3EB}"
EndProject
Project("{9A19103F-16F7-4668-BE54-9A1E7A4F7556}") = "ABP_Ecommerce.EntityFrameworkCore", "src\ABP_Ecommerce.EntityFrameworkCore\ABP_Ecommerce.EntityFrameworkCore.csproj", "{C956DD76-69C8-4A9C-83EA-D17DF83340FD}"
EndProject
Project("{2150E333-8FDC-42A3-9474-1A3956D46DE8}") = "src", "src", "{CA9AC87F-097E-4F15-8393-4BC07735A5B0}"
EndProject
Project("{2150E333-8FDC-42A3-9474-1A3956D46DE8}") = "test", "test", "{04DBDB01-70F4-4E06-B468-8F87850B22BE}"
EndProject
Project("{9A19103F-16F7-4668-BE54-9A1E7A4F7556}") = "ABP_Ecommerce.Application.Tests", "test\ABP_Ecommerce.Application.Tests\ABP_Ecommerce.Application.Tests.csproj", "{50B2631D-129C-47B3-A587-029CCD6099BC}"
EndProject
Project("{9A19103F-16F7-4668-BE54-9A1E7A4F7556}") = "ABP_Ecommerce.Domain.Shared", "src\ABP_Ecommerce.Domain.Shared\ABP_Ecommerce.Domain.Shared.csproj", "{42F719ED-8413-4895-B5B4-5AB56079BC66}"
EndProject
Project("{9A19103F-16F7-4668-BE54-9A1E7A4F7556}") = "ABP_Ecommerce.Application.Contracts", "src\ABP_Ecommerce.Application.Contracts\ABP_Ecommerce.Application.Contracts.csproj", "{520659C8-C734-4298-A3DA-B539DB9DFC0B}"
EndProject
Project("{9A19103F-16F7-4668-BE54-9A1E7A4F7556}") = "ABP_Ecommerce.HttpApi", "src\ABP_Ecommerce.HttpApi\ABP_Ecommerce.HttpApi.csproj", "{4164BDF7-F527-4E85-9CE6-E3C2D7426A27}"
EndProject
Project("{9A19103F-16F7-4668-BE54-9A1E7A4F7556}") = "ABP_Ecommerce.HttpApi.Client", "src\ABP_Ecommerce.HttpApi.Client\ABP_Ecommerce.HttpApi.Client.csproj", "{3B5A0094-670D-4BB1-BFDD-61B88A8773DC}"
EndProject
Project("{9A19103F-16F7-4668-BE54-9A1E7A4F7556}") = "ABP_Ecommerce.AuthServer", "src\ABP_Ecommerce.AuthServer\ABP_Ecommerce.AuthServer.csproj", "{073C361E-B8F4-49F5-93CC-72A3FF49C026}"
EndProject
Project("{9A19103F-16F7-4668-BE54-9A1E7A4F7556}") = "ABP_Ecommerce.HttpApi.Host", "src\ABP_Ecommerce.HttpApi.Host\ABP_Ecommerce.HttpApi.Host.csproj", "{E6D5BF0E-DE92-4D82-A352-EF04B37CB11C}"
EndProject
Project("{9A19103F-16F7-4668-BE54-9A1E7A4F7556}") = "ABP_Ecommerce.EntityFrameworkCore.Tests", "test\ABP_Ecommerce.EntityFrameworkCore.Tests\ABP_Ecommerce.EntityFrameworkCore.Tests.csproj", "{1FE30EB9-74A9-47F5-A9F6-7B1FAB672D81}"
EndProject
Project("{9A19103F-16F7-4668-BE54-9A1E7A4F7556}") = "ABP_Ecommerce.TestBase", "test\ABP_Ecommerce.TestBase\ABP_Ecommerce.TestBase.csproj", "{91853F21-9CD9-4132-BC29-A7D5D84FFFE7}"
EndProject
Project("{9A19103F-16F7-4668-BE54-9A1E7A4F7556}") = "ABP_Ecommerce.Domain.Tests", "test\ABP_Ecommerce.Domain.Tests\ABP_Ecommerce.Domain.Tests.csproj", "{E512F4D9-9375-480F-A2F6-A46509F9D824}"
EndProject
Project("{9A19103F-16F7-4668-BE54-9A1E7A4F7556}") = "ABP_Ecommerce.HttpApi.Client.ConsoleTestApp", "test\ABP_Ecommerce.HttpApi.Client.ConsoleTestApp\ABP_Ecommerce.HttpApi.Client.ConsoleTestApp.csproj", "{EF480016-9127-4916-8735-D2466BDBC582}"
EndProject
Project("{9A19103F-16F7-4668-BE54-9A1E7A4F7556}") = "ABP_Ecommerce.DbMigrator", "src\ABP_Ecommerce.DbMigrator\ABP_Ecommerce.DbMigrator.csproj", "{AA94D832-1CCC-4715-95A9-A483F23A1A5D}"
EndProject
Project("{2150E333-8FDC-42A3-9474-1A3956D46DE8}") = "auth", "auth", "{02EA681E-C7D8-13C7-8484-4AC65E1B71E8}"
EndProject
Project("{2150E333-8FDC-42A3-9474-1A3956D46DE8}") = "common", "common", "{B712A4D7-2273-43A6-B185-27B6E3B6E0C5}"
EndProject
Project("{2150E333-8FDC-42A3-9474-1A3956D46DE8}") = "domain", "domain", "{2C387252-D094-48E5-9B0D-5BDF6F3E098A}"
EndProject
Project("{2150E333-8FDC-42A3-9474-1A3956D46DE8}") = "infrastructure", "infrastructure", "{1EB4CA7C-D7E8-4F5E-8122-CC1B1669C612}"
EndProject
Project("{2150E333-8FDC-42A3-9474-1A3956D46DE8}") = "public", "public", "{608C8D11-C740-4D69-BADD-D2045BB959D9}"
EndProject
Project("{2150E333-8FDC-42A3-9474-1A3956D46DE8}") = "admin", "admin", "{D69E042A-8AC6-4C43-BF61-89CB05538288}"
EndProject
Project("{FAE04EC0-301F-11D3-BF4B-00C04F79EFBC}") = "ABP_Ecommerce.Admin.Application", "src\ABP_Ecommerce.Admin.Application\ABP_Ecommerce.Admin.Application.csproj", "{DD17F83F-0EA6-4F1F-E0ED-A8D7555648EA}"
EndProject
Project("{FAE04EC0-301F-11D3-BF4B-00C04F79EFBC}") = "ABP_Ecommerce.Admin.Application.Contracts", "src\ABP_Ecommerce.Admin.Application.Contracts\ABP_Ecommerce.Admin.Application.Contracts.csproj", "{020B3880-B565-F1DD-7BD4-9CA0DF32498D}"
EndProject
Project("{FAE04EC0-301F-11D3-BF4B-00C04F79EFBC}") = "ABP_Ecommerce.Admin.HttpApi", "src\ABP_Ecommerce.Admin.HttpApi\ABP_Ecommerce.Admin.HttpApi.csproj", "{478D3466-740C-DDDE-EBDA-C6FEF8A24F98}"
EndProject
Project("{FAE04EC0-301F-11D3-BF4B-00C04F79EFBC}") = "ABP_Ecommerce.Admin.HttpApi.Client", "src\ABP_Ecommerce.Admin.HttpApi.Client\ABP_Ecommerce.Admin.HttpApi.Client.csproj", "{13D2672D-8BEA-D5B6-C245-97971C3F616E}"
EndProject
Project("{FAE04EC0-301F-11D3-BF4B-00C04F79EFBC}") = "ABP_Ecommerce.Admin.HttpApi.Host", "src\ABP_Ecommerce.Admin.HttpApi.Host\ABP_Ecommerce.Admin.HttpApi.Host.csproj", "{96233ABC-A046-C60E-6AF1-E37EC8D710B7}"
EndProject
Project("{2150E333-8FDC-42A3-9474-1A3956D46DE8}") = "public", "public", "{7E860A38-C023-492D-B4C1-264C04C19990}"
EndProject
Project("{2150E333-8FDC-42A3-9474-1A3956D46DE8}") = "admin", "admin", "{7B7555B4-C4C3-432A-AE20-D19443AFF48B}"
EndProject
Project("{2150E333-8FDC-42A3-9474-1A3956D46DE8}") = "shared", "shared", "{7CB857DB-3F22-403C-A262-081FECE1E40E}"
EndProject
Project("{FAE04EC0-301F-11D3-BF4B-00C04F79EFBC}") = "ABP_Ecommerce.Admin.Application.Tests", "test\ABP_Ecommerce.Admin.Application.Tests\ABP_Ecommerce.Admin.Application.Tests.csproj", "{56DAAAF5-5770-B757-74C6-837E7CB76205}"
EndProject
Project("{FAE04EC0-301F-11D3-BF4B-00C04F79EFBC}") = "ABP_Ecommerce.Admin.HttpApi.Client.ConsoleTestApp", "test\ABP_Ecommerce.Admin.HttpApi.Client.ConsoleTestApp\ABP_Ecommerce.Admin.HttpApi.Client.ConsoleTestApp.csproj", "{687B732D-C246-C36F-8087-18E607BB088A}"
EndProject
Global
	GlobalSection(SolutionConfigurationPlatforms) = preSolution
		Debug|Any CPU = Debug|Any CPU
		Release|Any CPU = Release|Any CPU
	EndGlobalSection
	GlobalSection(ProjectConfigurationPlatforms) = postSolution
		{554AD327-6DBA-4F8F-96F8-81CE7A0C863F}.Debug|Any CPU.ActiveCfg = Debug|Any CPU
		{554AD327-6DBA-4F8F-96F8-81CE7A0C863F}.Debug|Any CPU.Build.0 = Debug|Any CPU
		{554AD327-6DBA-4F8F-96F8-81CE7A0C863F}.Release|Any CPU.ActiveCfg = Release|Any CPU
		{554AD327-6DBA-4F8F-96F8-81CE7A0C863F}.Release|Any CPU.Build.0 = Release|Any CPU
		{1A94A50E-06DC-43C1-80B5-B662820EC3EB}.Debug|Any CPU.ActiveCfg = Debug|Any CPU
		{1A94A50E-06DC-43C1-80B5-B662820EC3EB}.Debug|Any CPU.Build.0 = Debug|Any CPU
		{1A94A50E-06DC-43C1-80B5-B662820EC3EB}.Release|Any CPU.ActiveCfg = Release|Any CPU
		{1A94A50E-06DC-43C1-80B5-B662820EC3EB}.Release|Any CPU.Build.0 = Release|Any CPU
		{C956DD76-69C8-4A9C-83EA-D17DF83340FD}.Debug|Any CPU.ActiveCfg = Debug|Any CPU
		{C956DD76-69C8-4A9C-83EA-D17DF83340FD}.Debug|Any CPU.Build.0 = Debug|Any CPU
		{C956DD76-69C8-4A9C-83EA-D17DF83340FD}.Release|Any CPU.ActiveCfg = Release|Any CPU
		{C956DD76-69C8-4A9C-83EA-D17DF83340FD}.Release|Any CPU.Build.0 = Release|Any CPU
		{50B2631D-129C-47B3-A587-029CCD6099BC}.Debug|Any CPU.ActiveCfg = Debug|Any CPU
		{50B2631D-129C-47B3-A587-029CCD6099BC}.Debug|Any CPU.Build.0 = Debug|Any CPU
		{50B2631D-129C-47B3-A587-029CCD6099BC}.Release|Any CPU.ActiveCfg = Release|Any CPU
		{50B2631D-129C-47B3-A587-029CCD6099BC}.Release|Any CPU.Build.0 = Release|Any CPU
		{42F719ED-8413-4895-B5B4-5AB56079BC66}.Debug|Any CPU.ActiveCfg = Debug|Any CPU
		{42F719ED-8413-4895-B5B4-5AB56079BC66}.Debug|Any CPU.Build.0 = Debug|Any CPU
		{42F719ED-8413-4895-B5B4-5AB56079BC66}.Release|Any CPU.ActiveCfg = Release|Any CPU
		{42F719ED-8413-4895-B5B4-5AB56079BC66}.Release|Any CPU.Build.0 = Release|Any CPU
		{520659C8-C734-4298-A3DA-B539DB9DFC0B}.Debug|Any CPU.ActiveCfg = Debug|Any CPU
		{520659C8-C734-4298-A3DA-B539DB9DFC0B}.Debug|Any CPU.Build.0 = Debug|Any CPU
		{520659C8-C734-4298-A3DA-B539DB9DFC0B}.Release|Any CPU.ActiveCfg = Release|Any CPU
		{520659C8-C734-4298-A3DA-B539DB9DFC0B}.Release|Any CPU.Build.0 = Release|Any CPU
		{4164BDF7-F527-4E85-9CE6-E3C2D7426A27}.Debug|Any CPU.ActiveCfg = Debug|Any CPU
		{4164BDF7-F527-4E85-9CE6-E3C2D7426A27}.Debug|Any CPU.Build.0 = Debug|Any CPU
		{4164BDF7-F527-4E85-9CE6-E3C2D7426A27}.Release|Any CPU.ActiveCfg = Release|Any CPU
		{4164BDF7-F527-4E85-9CE6-E3C2D7426A27}.Release|Any CPU.Build.0 = Release|Any CPU
		{3B5A0094-670D-4BB1-BFDD-61B88A8773DC}.Debug|Any CPU.ActiveCfg = Debug|Any CPU
		{3B5A0094-670D-4BB1-BFDD-61B88A8773DC}.Debug|Any CPU.Build.0 = Debug|Any CPU
		{3B5A0094-670D-4BB1-BFDD-61B88A8773DC}.Release|Any CPU.ActiveCfg = Release|Any CPU
		{3B5A0094-670D-4BB1-BFDD-61B88A8773DC}.Release|Any CPU.Build.0 = Release|Any CPU
		{073C361E-B8F4-49F5-93CC-72A3FF49C026}.Debug|Any CPU.ActiveCfg = Debug|Any CPU
		{073C361E-B8F4-49F5-93CC-72A3FF49C026}.Debug|Any CPU.Build.0 = Debug|Any CPU
		{073C361E-B8F4-49F5-93CC-72A3FF49C026}.Release|Any CPU.ActiveCfg = Release|Any CPU
		{073C361E-B8F4-49F5-93CC-72A3FF49C026}.Release|Any CPU.Build.0 = Release|Any CPU
		{E6D5BF0E-DE92-4D82-A352-EF04B37CB11C}.Debug|Any CPU.ActiveCfg = Debug|Any CPU
		{E6D5BF0E-DE92-4D82-A352-EF04B37CB11C}.Debug|Any CPU.Build.0 = Debug|Any CPU
		{E6D5BF0E-DE92-4D82-A352-EF04B37CB11C}.Release|Any CPU.ActiveCfg = Release|Any CPU
		{E6D5BF0E-DE92-4D82-A352-EF04B37CB11C}.Release|Any CPU.Build.0 = Release|Any CPU
		{1FE30EB9-74A9-47F5-A9F6-7B1FAB672D81}.Debug|Any CPU.ActiveCfg = Debug|Any CPU
		{1FE30EB9-74A9-47F5-A9F6-7B1FAB672D81}.Debug|Any CPU.Build.0 = Debug|Any CPU
		{1FE30EB9-74A9-47F5-A9F6-7B1FAB672D81}.Release|Any CPU.ActiveCfg = Release|Any CPU
		{1FE30EB9-74A9-47F5-A9F6-7B1FAB672D81}.Release|Any CPU.Build.0 = Release|Any CPU
		{91853F21-9CD9-4132-BC29-A7D5D84FFFE7}.Debug|Any CPU.ActiveCfg = Debug|Any CPU
		{91853F21-9CD9-4132-BC29-A7D5D84FFFE7}.Debug|Any CPU.Build.0 = Debug|Any CPU
		{91853F21-9CD9-4132-BC29-A7D5D84FFFE7}.Release|Any CPU.ActiveCfg = Release|Any CPU
		{91853F21-9CD9-4132-BC29-A7D5D84FFFE7}.Release|Any CPU.Build.0 = Release|Any CPU
		{E512F4D9-9375-480F-A2F6-A46509F9D824}.Debug|Any CPU.ActiveCfg = Debug|Any CPU
		{E512F4D9-9375-480F-A2F6-A46509F9D824}.Debug|Any CPU.Build.0 = Debug|Any CPU
		{E512F4D9-9375-480F-A2F6-A46509F9D824}.Release|Any CPU.ActiveCfg = Release|Any CPU
		{E512F4D9-9375-480F-A2F6-A46509F9D824}.Release|Any CPU.Build.0 = Release|Any CPU
		{EF480016-9127-4916-8735-D2466BDBC582}.Debug|Any CPU.ActiveCfg = Debug|Any CPU
		{EF480016-9127-4916-8735-D2466BDBC582}.Debug|Any CPU.Build.0 = Debug|Any CPU
		{EF480016-9127-4916-8735-D2466BDBC582}.Release|Any CPU.ActiveCfg = Release|Any CPU
		{EF480016-9127-4916-8735-D2466BDBC582}.Release|Any CPU.Build.0 = Release|Any CPU
		{AA94D832-1CCC-4715-95A9-A483F23A1A5D}.Debug|Any CPU.ActiveCfg = Debug|Any CPU
		{AA94D832-1CCC-4715-95A9-A483F23A1A5D}.Debug|Any CPU.Build.0 = Debug|Any CPU
		{AA94D832-1CCC-4715-95A9-A483F23A1A5D}.Release|Any CPU.ActiveCfg = Release|Any CPU
		{AA94D832-1CCC-4715-95A9-A483F23A1A5D}.Release|Any CPU.Build.0 = Release|Any CPU
		{DD17F83F-0EA6-4F1F-E0ED-A8D7555648EA}.Debug|Any CPU.ActiveCfg = Debug|Any CPU
		{DD17F83F-0EA6-4F1F-E0ED-A8D7555648EA}.Debug|Any CPU.Build.0 = Debug|Any CPU
		{DD17F83F-0EA6-4F1F-E0ED-A8D7555648EA}.Release|Any CPU.ActiveCfg = Release|Any CPU
		{DD17F83F-0EA6-4F1F-E0ED-A8D7555648EA}.Release|Any CPU.Build.0 = Release|Any CPU
		{020B3880-B565-F1DD-7BD4-9CA0DF32498D}.Debug|Any CPU.ActiveCfg = Debug|Any CPU
		{020B3880-B565-F1DD-7BD4-9CA0DF32498D}.Debug|Any CPU.Build.0 = Debug|Any CPU
		{020B3880-B565-F1DD-7BD4-9CA0DF32498D}.Release|Any CPU.ActiveCfg = Release|Any CPU
		{020B3880-B565-F1DD-7BD4-9CA0DF32498D}.Release|Any CPU.Build.0 = Release|Any CPU
		{478D3466-740C-DDDE-EBDA-C6FEF8A24F98}.Debug|Any CPU.ActiveCfg = Debug|Any CPU
		{478D3466-740C-DDDE-EBDA-C6FEF8A24F98}.Debug|Any CPU.Build.0 = Debug|Any CPU
		{478D3466-740C-DDDE-EBDA-C6FEF8A24F98}.Release|Any CPU.ActiveCfg = Release|Any CPU
		{478D3466-740C-DDDE-EBDA-C6FEF8A24F98}.Release|Any CPU.Build.0 = Release|Any CPU
		{13D2672D-8BEA-D5B6-C245-97971C3F616E}.Debug|Any CPU.ActiveCfg = Debug|Any CPU
		{13D2672D-8BEA-D5B6-C245-97971C3F616E}.Debug|Any CPU.Build.0 = Debug|Any CPU
		{13D2672D-8BEA-D5B6-C245-97971C3F616E}.Release|Any CPU.ActiveCfg = Release|Any CPU
		{13D2672D-8BEA-D5B6-C245-97971C3F616E}.Release|Any CPU.Build.0 = Release|Any CPU
		{96233ABC-A046-C60E-6AF1-E37EC8D710B7}.Debug|Any CPU.ActiveCfg = Debug|Any CPU
		{96233ABC-A046-C60E-6AF1-E37EC8D710B7}.Debug|Any CPU.Build.0 = Debug|Any CPU
		{96233ABC-A046-C60E-6AF1-E37EC8D710B7}.Release|Any CPU.ActiveCfg = Release|Any CPU
		{96233ABC-A046-C60E-6AF1-E37EC8D710B7}.Release|Any CPU.Build.0 = Release|Any CPU
		{56DAAAF5-5770-B757-74C6-837E7CB76205}.Debug|Any CPU.ActiveCfg = Debug|Any CPU
		{56DAAAF5-5770-B757-74C6-837E7CB76205}.Debug|Any CPU.Build.0 = Debug|Any CPU
		{56DAAAF5-5770-B757-74C6-837E7CB76205}.Release|Any CPU.ActiveCfg = Release|Any CPU
		{56DAAAF5-5770-B757-74C6-837E7CB76205}.Release|Any CPU.Build.0 = Release|Any CPU
		{687B732D-C246-C36F-8087-18E607BB088A}.Debug|Any CPU.ActiveCfg = Debug|Any CPU
		{687B732D-C246-C36F-8087-18E607BB088A}.Debug|Any CPU.Build.0 = Debug|Any CPU
		{687B732D-C246-C36F-8087-18E607BB088A}.Release|Any CPU.ActiveCfg = Release|Any CPU
		{687B732D-C246-C36F-8087-18E607BB088A}.Release|Any CPU.Build.0 = Release|Any CPU
	EndGlobalSection
	GlobalSection(SolutionProperties) = preSolution
		HideSolutionNode = FALSE
	EndGlobalSection
	GlobalSection(NestedProjects) = preSolution
		{554AD327-6DBA-4F8F-96F8-81CE7A0C863F} = {2C387252-D094-48E5-9B0D-5BDF6F3E098A}
		{1A94A50E-06DC-43C1-80B5-B662820EC3EB} = {608C8D11-C740-4D69-BADD-D2045BB959D9}
		{C956DD76-69C8-4A9C-83EA-D17DF83340FD} = {1EB4CA7C-D7E8-4F5E-8122-CC1B1669C612}
		{50B2631D-129C-47B3-A587-029CCD6099BC} = {7E860A38-C023-492D-B4C1-264C04C19990}
		{42F719ED-8413-4895-B5B4-5AB56079BC66} = {2C387252-D094-48E5-9B0D-5BDF6F3E098A}
		{520659C8-C734-4298-A3DA-B539DB9DFC0B} = {608C8D11-C740-4D69-BADD-D2045BB959D9}
		{4164BDF7-F527-4E85-9CE6-E3C2D7426A27} = {608C8D11-C740-4D69-BADD-D2045BB959D9}
		{3B5A0094-670D-4BB1-BFDD-61B88A8773DC} = {608C8D11-C740-4D69-BADD-D2045BB959D9}
		{073C361E-B8F4-49F5-93CC-72A3FF49C026} = {02EA681E-C7D8-13C7-8484-4AC65E1B71E8}
		{E6D5BF0E-DE92-4D82-A352-EF04B37CB11C} = {608C8D11-C740-4D69-BADD-D2045BB959D9}
		{1FE30EB9-74A9-47F5-A9F6-7B1FAB672D81} = {7CB857DB-3F22-403C-A262-081FECE1E40E}
		{91853F21-9CD9-4132-BC29-A7D5D84FFFE7} = {7CB857DB-3F22-403C-A262-081FECE1E40E}
		{E512F4D9-9375-480F-A2F6-A46509F9D824} = {7E860A38-C023-492D-B4C1-264C04C19990}
		{EF480016-9127-4916-8735-D2466BDBC582} = {7CB857DB-3F22-403C-A262-081FECE1E40E}
		{AA94D832-1CCC-4715-95A9-A483F23A1A5D} = {1EB4CA7C-D7E8-4F5E-8122-CC1B1669C612}
		{02EA681E-C7D8-13C7-8484-4AC65E1B71E8} = {CA9AC87F-097E-4F15-8393-4BC07735A5B0}
		{B712A4D7-2273-43A6-B185-27B6E3B6E0C5} = {CA9AC87F-097E-4F15-8393-4BC07735A5B0}
		{2C387252-D094-48E5-9B0D-5BDF6F3E098A} = {B712A4D7-2273-43A6-B185-27B6E3B6E0C5}
		{1EB4CA7C-D7E8-4F5E-8122-CC1B1669C612} = {B712A4D7-2273-43A6-B185-27B6E3B6E0C5}
		{608C8D11-C740-4D69-BADD-D2045BB959D9} = {CA9AC87F-097E-4F15-8393-4BC07735A5B0}
		{D69E042A-8AC6-4C43-BF61-89CB05538288} = {CA9AC87F-097E-4F15-8393-4BC07735A5B0}
		{DD17F83F-0EA6-4F1F-E0ED-A8D7555648EA} = {D69E042A-8AC6-4C43-BF61-89CB05538288}
		{020B3880-B565-F1DD-7BD4-9CA0DF32498D} = {D69E042A-8AC6-4C43-BF61-89CB05538288}
		{478D3466-740C-DDDE-EBDA-C6FEF8A24F98} = {D69E042A-8AC6-4C43-BF61-89CB05538288}
		{13D2672D-8BEA-D5B6-C245-97971C3F616E} = {D69E042A-8AC6-4C43-BF61-89CB05538288}
		{96233ABC-A046-C60E-6AF1-E37EC8D710B7} = {D69E042A-8AC6-4C43-BF61-89CB05538288}
		{7E860A38-C023-492D-B4C1-264C04C19990} = {04DBDB01-70F4-4E06-B468-8F87850B22BE}
		{7B7555B4-C4C3-432A-AE20-D19443AFF48B} = {04DBDB01-70F4-4E06-B468-8F87850B22BE}
		{7CB857DB-3F22-403C-A262-081FECE1E40E} = {04DBDB01-70F4-4E06-B468-8F87850B22BE}
		{56DAAAF5-5770-B757-74C6-837E7CB76205} = {7B7555B4-C4C3-432A-AE20-D19443AFF48B}
		{687B732D-C246-C36F-8087-18E607BB088A} = {7B7555B4-C4C3-432A-AE20-D19443AFF48B}
	EndGlobalSection
	GlobalSection(ExtensibilityGlobals) = postSolution
		SolutionGuid = {28315BFD-90E7-4E14-A2EA-F3D23AF4126F}
	EndGlobalSection
EndGlobal
